
Microsoft Visual Studio Solution File, Format Version 12.00
# Visual Studio Version 16
VisualStudioVersion = 16.0.31105.61
MinimumVisualStudioVersion = 10.0.40219.1
Project("{FAE04EC0-301F-11D3-BF4B-00C04F79EFBC}") = "MedicineSchedule.Android", "MedicineSchedule\MedicineSchedule.Android\MedicineSchedule.Android.csproj", "{48792CD7-F053-4656-9A46-19A9ADFEBC43}"
EndProject
Project("{FAE04EC0-301F-11D3-BF4B-00C04F79EFBC}") = "MedicineSchedule", "MedicineSchedule\MedicineSchedule\MedicineSchedule.csproj", "{60C95EA1-AE8E-4B1A-8709-FB6488940C0A}"
EndProject
Global
	GlobalSection(SolutionConfigurationPlatforms) = preSolution
		Debug|Any CPU = Debug|Any CPU
		Release|Any CPU = Release|Any CPU
	EndGlobalSection
	GlobalSection(ProjectConfigurationPlatforms) = postSolution
		{48792CD7-F053-4656-9A46-19A9ADFEBC43}.Debug|Any CPU.ActiveCfg = Debug|Any CPU
		{48792CD7-F053-4656-9A46-19A9ADFEBC43}.Debug|Any CPU.Build.0 = Debug|Any CPU
		{48792CD7-F053-4656-9A46-19A9ADFEBC43}.Debug|Any CPU.Deploy.0 = Debug|Any CPU
		{48792CD7-F053-4656-9A46-19A9ADFEBC43}.Release|Any CPU.ActiveCfg = Release|Any CPU
		{48792CD7-F053-4656-9A46-19A9ADFEBC43}.Release|Any CPU.Build.0 = Release|Any CPU
		{48792CD7-F053-4656-9A46-19A9ADFEBC43}.Release|Any CPU.Deploy.0 = Release|Any CPU
		{60C95EA1-AE8E-4B1A-8709-FB6488940C0A}.Debug|Any CPU.ActiveCfg = Debug|Any CPU
		{60C95EA1-AE8E-4B1A-8709-FB6488940C0A}.Debug|Any CPU.Build.0 = Debug|Any CPU
		{60C95EA1-AE8E-4B1A-8709-FB6488940C0A}.Debug|Any CPU.Deploy.0 = Debug|Any CPU
		{60C95EA1-AE8E-4B1A-8709-FB6488940C0A}.Release|Any CPU.ActiveCfg = Release|Any CPU
		{60C95EA1-AE8E-4B1A-8709-FB6488940C0A}.Release|Any CPU.Build.0 = Release|Any CPU
		{60C95EA1-AE8E-4B1A-8709-FB6488940C0A}.Release|Any CPU.Deploy.0 = Release|Any CPU
	EndGlobalSection
	GlobalSection(SolutionProperties) = preSolution
		HideSolutionNode = FALSE
	EndGlobalSection
	GlobalSection(ExtensibilityGlobals) = postSolution
		SolutionGuid = {F279E4EA-FF19-453A-B24D-4CE8206AF42A}
	EndGlobalSection
EndGlobal
